
Microsoft Visual Studio Solution File, Format Version 12.00
# Visual Studio 15
VisualStudioVersion = 15.0.28307.2017
MinimumVisualStudioVersion = 10.0.40219.1
Project("{FAE04EC0-301F-11D3-BF4B-00C04F79EFBC}") = "Mongo", "Mongo\Mongo.csproj", "{29A433B6-4868-4ADB-8871-7822D3DC84D8}"
EndProject
Global
	GlobalSection(SolutionConfigurationPlatforms) = preSolution
		Debug|Any CPU = Debug|Any CPU
		Release|Any CPU = Release|Any CPU
	EndGlobalSection
	GlobalSection(ProjectConfigurationPlatforms) = postSolution
		{29A433B6-4868-4ADB-8871-7822D3DC84D8}.Debug|Any CPU.ActiveCfg = Debug|Any CPU
		{29A433B6-4868-4ADB-8871-7822D3DC84D8}.Debug|Any CPU.Build.0 = Debug|Any CPU
		{29A433B6-4868-4ADB-8871-7822D3DC84D8}.Release|Any CPU.ActiveCfg = Release|Any CPU
		{29A433B6-4868-4ADB-8871-7822D3DC84D8}.Release|Any CPU.Build.0 = Release|Any CPU
	EndGlobalSection
	GlobalSection(SolutionProperties) = preSolution
		HideSolutionNode = FALSE
	EndGlobalSection
	GlobalSection(ExtensibilityGlobals) = postSolution
		SolutionGuid = {2831456C-49C2-4941-BB13-1AC3FC4D8626}
	EndGlobalSection
EndGlobal
